
Microsoft Visual Studio Solution File, Format Version 12.00
# Visual Studio Version 16
VisualStudioVersion = 16.0.31129.286
MinimumVisualStudioVersion = 10.0.40219.1
Project("{FAE04EC0-301F-11D3-BF4B-00C04F79EFBC}") = "ASP2236903", "ASP2236903\ASP2236903.csproj", "{B26931BB-462E-41A8-BA65-43A52E7C6AEB}"
EndProject
Global
	GlobalSection(SolutionConfigurationPlatforms) = preSolution
		Debug|Any CPU = Debug|Any CPU
		Release|Any CPU = Release|Any CPU
	EndGlobalSection
	GlobalSection(ProjectConfigurationPlatforms) = postSolution
		{B26931BB-462E-41A8-BA65-43A52E7C6AEB}.Debug|Any CPU.ActiveCfg = Debug|Any CPU
		{B26931BB-462E-41A8-BA65-43A52E7C6AEB}.Debug|Any CPU.Build.0 = Debug|Any CPU
		{B26931BB-462E-41A8-BA65-43A52E7C6AEB}.Release|Any CPU.ActiveCfg = Release|Any CPU
		{B26931BB-462E-41A8-BA65-43A52E7C6AEB}.Release|Any CPU.Build.0 = Release|Any CPU
	EndGlobalSection
	GlobalSection(SolutionProperties) = preSolution
		HideSolutionNode = FALSE
	EndGlobalSection
	GlobalSection(ExtensibilityGlobals) = postSolution
		SolutionGuid = {B4EF871D-F97E-4502-908F-655C1204C72E}
	EndGlobalSection
EndGlobal
